
Microsoft Visual Studio Solution File, Format Version 12.00
# Visual Studio 15
VisualStudioVersion = 15.0.26430.15
MinimumVisualStudioVersion = 10.0.40219.1
Project("{2150E333-8FDC-42A3-9474-1A3956D46DE8}") = "Libraries", "Libraries", "{AB76875E-F9D4-4C77-9628-2D78ABA0CFC8}"
EndProject
Project("{2150E333-8FDC-42A3-9474-1A3956D46DE8}") = "Main", "Main", "{8835D45A-DD84-4019-B263-FF10110648FE}"
EndProject
Project("{2150E333-8FDC-42A3-9474-1A3956D46DE8}") = "Services", "Services", "{0BE14905-0276-469F-B511-E76E7E635474}"
EndProject
Project("{2150E333-8FDC-42A3-9474-1A3956D46DE8}") = "Common", "Common", "{B71E41C9-9184-41E1-A9B6-8CCACE7CDEFC}"
EndProject
Project("{2150E333-8FDC-42A3-9474-1A3956D46DE8}") = "FrontDesk", "FrontDesk", "{C83F6FCA-2511-4937-AAEE-021AC44AF64C}"
EndProject
Project("{FAE04EC0-301F-11D3-BF4B-00C04F79EFBC}") = "AAA.Web.FrontDesk", "AAA.Web.FrontDesk\AAA.Web.FrontDesk.csproj", "{CA46CDC7-656F-431E-BD86-F86BCBAC49E2}"
EndProject
Project("{FAE04EC0-301F-11D3-BF4B-00C04F79EFBC}") = "AAA.ServiceConnect", "AAA.ServiceConnect\AAA.ServiceConnect.csproj", "{553A9FD6-D84D-4947-B19D-736A47589649}"
EndProject
Project("{FAE04EC0-301F-11D3-BF4B-00C04F79EFBC}") = "AAA.DataModels", "AAA.DataModels\AAA.DataModels.csproj", "{3C3440FC-0FB1-4F65-801C-6ED4B7EF0974}"
EndProject
Project("{FAE04EC0-301F-11D3-BF4B-00C04F79EFBC}") = "AAA.Entities", "AAA.Entities\AAA.Entities.csproj", "{B45686B8-7C4E-452D-BA4C-EF6E1482A617}"
EndProject
Project("{FAE04EC0-301F-11D3-BF4B-00C04F79EFBC}") = "AAA.DataConversions", "AAA.DataConversions\AAA.DataConversions.csproj", "{7A68EC88-8384-4204-BA55-B1113AB8B51A}"
EndProject
Project("{FAE04EC0-301F-11D3-BF4B-00C04F79EFBC}") = "AAA.DataProviders", "AAA.DataProviders\AAA.DataProviders.csproj", "{C50A0A1D-5C01-4A6A-A126-449DA8BD4429}"
EndProject
Project("{FAE04EC0-301F-11D3-BF4B-00C04F79EFBC}") = "AAA.DataLogic", "AAA.DataLogic\AAA.DataLogic.csproj", "{3217F826-65E1-4B32-8C23-6206CFFD1A87}"
EndProject
Project("{FAE04EC0-301F-11D3-BF4B-00C04F79EFBC}") = "AAA.ReqResp", "AAA.ReqResp\AAA.ReqResp.csproj", "{59375F45-5B13-46CE-A040-C8A9A3F45347}"
EndProject
Global
	GlobalSection(SolutionConfigurationPlatforms) = preSolution
		Debug|Any CPU = Debug|Any CPU
		Release|Any CPU = Release|Any CPU
	EndGlobalSection
	GlobalSection(ProjectConfigurationPlatforms) = postSolution
		{CA46CDC7-656F-431E-BD86-F86BCBAC49E2}.Debug|Any CPU.ActiveCfg = Debug|Any CPU
		{CA46CDC7-656F-431E-BD86-F86BCBAC49E2}.Debug|Any CPU.Build.0 = Debug|Any CPU
		{CA46CDC7-656F-431E-BD86-F86BCBAC49E2}.Release|Any CPU.ActiveCfg = Release|Any CPU
		{CA46CDC7-656F-431E-BD86-F86BCBAC49E2}.Release|Any CPU.Build.0 = Release|Any CPU
		{553A9FD6-D84D-4947-B19D-736A47589649}.Debug|Any CPU.ActiveCfg = Debug|Any CPU
		{553A9FD6-D84D-4947-B19D-736A47589649}.Debug|Any CPU.Build.0 = Debug|Any CPU
		{553A9FD6-D84D-4947-B19D-736A47589649}.Release|Any CPU.ActiveCfg = Release|Any CPU
		{553A9FD6-D84D-4947-B19D-736A47589649}.Release|Any CPU.Build.0 = Release|Any CPU
		{3C3440FC-0FB1-4F65-801C-6ED4B7EF0974}.Debug|Any CPU.ActiveCfg = Debug|Any CPU
		{3C3440FC-0FB1-4F65-801C-6ED4B7EF0974}.Debug|Any CPU.Build.0 = Debug|Any CPU
		{3C3440FC-0FB1-4F65-801C-6ED4B7EF0974}.Release|Any CPU.ActiveCfg = Release|Any CPU
		{3C3440FC-0FB1-4F65-801C-6ED4B7EF0974}.Release|Any CPU.Build.0 = Release|Any CPU
		{B45686B8-7C4E-452D-BA4C-EF6E1482A617}.Debug|Any CPU.ActiveCfg = Debug|Any CPU
		{B45686B8-7C4E-452D-BA4C-EF6E1482A617}.Debug|Any CPU.Build.0 = Debug|Any CPU
		{B45686B8-7C4E-452D-BA4C-EF6E1482A617}.Release|Any CPU.ActiveCfg = Release|Any CPU
		{B45686B8-7C4E-452D-BA4C-EF6E1482A617}.Release|Any CPU.Build.0 = Release|Any CPU
		{7A68EC88-8384-4204-BA55-B1113AB8B51A}.Debug|Any CPU.ActiveCfg = Debug|Any CPU
		{7A68EC88-8384-4204-BA55-B1113AB8B51A}.Debug|Any CPU.Build.0 = Debug|Any CPU
		{7A68EC88-8384-4204-BA55-B1113AB8B51A}.Release|Any CPU.ActiveCfg = Release|Any CPU
		{7A68EC88-8384-4204-BA55-B1113AB8B51A}.Release|Any CPU.Build.0 = Release|Any CPU
		{C50A0A1D-5C01-4A6A-A126-449DA8BD4429}.Debug|Any CPU.ActiveCfg = Debug|Any CPU
		{C50A0A1D-5C01-4A6A-A126-449DA8BD4429}.Debug|Any CPU.Build.0 = Debug|Any CPU
		{C50A0A1D-5C01-4A6A-A126-449DA8BD4429}.Release|Any CPU.ActiveCfg = Release|Any CPU
		{C50A0A1D-5C01-4A6A-A126-449DA8BD4429}.Release|Any CPU.Build.0 = Release|Any CPU
		{3217F826-65E1-4B32-8C23-6206CFFD1A87}.Debug|Any CPU.ActiveCfg = Debug|Any CPU
		{3217F826-65E1-4B32-8C23-6206CFFD1A87}.Debug|Any CPU.Build.0 = Debug|Any CPU
		{3217F826-65E1-4B32-8C23-6206CFFD1A87}.Release|Any CPU.ActiveCfg = Release|Any CPU
		{3217F826-65E1-4B32-8C23-6206CFFD1A87}.Release|Any CPU.Build.0 = Release|Any CPU
		{59375F45-5B13-46CE-A040-C8A9A3F45347}.Debug|Any CPU.ActiveCfg = Debug|Any CPU
		{59375F45-5B13-46CE-A040-C8A9A3F45347}.Debug|Any CPU.Build.0 = Debug|Any CPU
		{59375F45-5B13-46CE-A040-C8A9A3F45347}.Release|Any CPU.ActiveCfg = Release|Any CPU
		{59375F45-5B13-46CE-A040-C8A9A3F45347}.Release|Any CPU.Build.0 = Release|Any CPU
	EndGlobalSection
	GlobalSection(SolutionProperties) = preSolution
		HideSolutionNode = FALSE
	EndGlobalSection
	GlobalSection(NestedProjects) = preSolution
		{B71E41C9-9184-41E1-A9B6-8CCACE7CDEFC} = {8835D45A-DD84-4019-B263-FF10110648FE}
		{C83F6FCA-2511-4937-AAEE-021AC44AF64C} = {8835D45A-DD84-4019-B263-FF10110648FE}
		{CA46CDC7-656F-431E-BD86-F86BCBAC49E2} = {C83F6FCA-2511-4937-AAEE-021AC44AF64C}
		{553A9FD6-D84D-4947-B19D-736A47589649} = {0BE14905-0276-469F-B511-E76E7E635474}
		{3C3440FC-0FB1-4F65-801C-6ED4B7EF0974} = {AB76875E-F9D4-4C77-9628-2D78ABA0CFC8}
		{B45686B8-7C4E-452D-BA4C-EF6E1482A617} = {AB76875E-F9D4-4C77-9628-2D78ABA0CFC8}
		{7A68EC88-8384-4204-BA55-B1113AB8B51A} = {AB76875E-F9D4-4C77-9628-2D78ABA0CFC8}
		{C50A0A1D-5C01-4A6A-A126-449DA8BD4429} = {AB76875E-F9D4-4C77-9628-2D78ABA0CFC8}
		{3217F826-65E1-4B32-8C23-6206CFFD1A87} = {AB76875E-F9D4-4C77-9628-2D78ABA0CFC8}
		{59375F45-5B13-46CE-A040-C8A9A3F45347} = {AB76875E-F9D4-4C77-9628-2D78ABA0CFC8}
	EndGlobalSection
EndGlobal
